
Microsoft Visual Studio Solution File, Format Version 12.00
# Visual Studio Version 17
VisualStudioVersion = 17.4.33110.190
MinimumVisualStudioVersion = 10.0.40219.1
Project("{2150E333-8FDC-42A3-9474-1A3956D46DE8}") = "Solution Items", "Solution Items", "{2DC01A0B-A4D2-4A14-9AA8-B9253D581522}"
	ProjectSection(SolutionItems) = preProject
		Directory.Packages.props = Directory.Packages.props
		README.md = README.md
	EndProjectSection
EndProject
Project("{FAE04EC0-301F-11D3-BF4B-00C04F79EFBC}") = "WebApp01_Empty", "WebApp01_Empty\WebApp01_Empty.csproj", "{FBEFBEE8-7951-4B84-A869-6701DDCC17A5}"
EndProject
Global
	GlobalSection(SolutionConfigurationPlatforms) = preSolution
		Debug|Any CPU = Debug|Any CPU
		Release|Any CPU = Release|Any CPU
	EndGlobalSection
	GlobalSection(ProjectConfigurationPlatforms) = postSolution
		{FBEFBEE8-7951-4B84-A869-6701DDCC17A5}.Debug|Any CPU.ActiveCfg = Debug|Any CPU
		{FBEFBEE8-7951-4B84-A869-6701DDCC17A5}.Debug|Any CPU.Build.0 = Debug|Any CPU
		{FBEFBEE8-7951-4B84-A869-6701DDCC17A5}.Release|Any CPU.ActiveCfg = Release|Any CPU
		{FBEFBEE8-7951-4B84-A869-6701DDCC17A5}.Release|Any CPU.Build.0 = Release|Any CPU
	EndGlobalSection
	GlobalSection(SolutionProperties) = preSolution
		HideSolutionNode = FALSE
	EndGlobalSection
	GlobalSection(ExtensibilityGlobals) = postSolution
		SolutionGuid = {6348BABF-176F-49A9-83ED-29B7478B61D1}
	EndGlobalSection
EndGlobal
